// !$*UTF8*$!
{
	archiveVersion = 1;
	classes = {
	};
	objectVersion = 46;
	objects = {

/* Begin PBXBuildFile section */
		DA05D890156FF5390089B70D /* Cocoa.framework in Frameworks */ = {isa = PBXBuildFile; fileRef = DA05D88F156FF5390089B70D /* Cocoa.framework */; };
		DA05D89A156FF5390089B70D /* InfoPlist.strings in Resources */ = {isa = PBXBuildFile; fileRef = DA05D898156FF5390089B70D /* InfoPlist.strings */; };
		DA05D89C156FF5390089B70D /* main.m in Sources */ = {isa = PBXBuildFile; fileRef = DA05D89B156FF5390089B70D /* main.m */; };
		DA05D8A0156FF5390089B70D /* Credits.rtf in Resources */ = {isa = PBXBuildFile; fileRef = DA05D89E156FF5390089B70D /* Credits.rtf */; };
		DA05D8A3156FF5390089B70D /* ADAppDelegate.m in Sources */ = {isa = PBXBuildFile; fileRef = DA05D8A2156FF5390089B70D /* ADAppDelegate.m */; };
		DA05D8A6156FF5390089B70D /* MainMenu.xib in Resources */ = {isa = PBXBuildFile; fileRef = DA05D8A4156FF5390089B70D /* MainMenu.xib */; };
		DA05D8AE156FF53C0089B70D /* SenTestingKit.framework in Frameworks */ = {isa = PBXBuildFile; fileRef = DA05D8AD156FF53C0089B70D /* SenTestingKit.framework */; };
		DA05D8AF156FF53C0089B70D /* Cocoa.framework in Frameworks */ = {isa = PBXBuildFile; fileRef = DA05D88F156FF5390089B70D /* Cocoa.framework */; };
		DA05D8B7156FF53D0089B70D /* InfoPlist.strings in Resources */ = {isa = PBXBuildFile; fileRef = DA05D8B5156FF53D0089B70D /* InfoPlist.strings */; };
		DA05D8BA156FF53D0089B70D /* AdmiralTests.m in Sources */ = {isa = PBXBuildFile; fileRef = DA05D8B9156FF53D0089B70D /* AdmiralTests.m */; };
		DA05D8C41570044B0089B70D /* Carbon.framework in Frameworks */ = {isa = PBXBuildFile; fileRef = DA05D8C31570044B0089B70D /* Carbon.framework */; };
/* End PBXBuildFile section */

/* Begin PBXContainerItemProxy section */
		DA05D8B0156FF53C0089B70D /* PBXContainerItemProxy */ = {
			isa = PBXContainerItemProxy;
			containerPortal = DA05D882156FF5370089B70D /* Project object */;
			proxyType = 1;
			remoteGlobalIDString = DA05D88A156FF5380089B70D;
			remoteInfo = Admiral;
		};
/* End PBXContainerItemProxy section */

/* Begin PBXFileReference section */
		DA05D88B156FF5380089B70D /* Admiral.app */ = {isa = PBXFileReference; explicitFileType = wrapper.application; includeInIndex = 0; path = Admiral.app; sourceTree = BUILT_PRODUCTS_DIR; };
		DA05D88F156FF5390089B70D /* Cocoa.framework */ = {isa = PBXFileReference; lastKnownFileType = wrapper.framework; name = Cocoa.framework; path = System/Library/Frameworks/Cocoa.framework; sourceTree = SDKROOT; };
		DA05D892156FF5390089B70D /* AppKit.framework */ = {isa = PBXFileReference; lastKnownFileType = wrapper.framework; name = AppKit.framework; path = System/Library/Frameworks/AppKit.framework; sourceTree = SDKROOT; };
		DA05D893156FF5390089B70D /* CoreData.framework */ = {isa = PBXFileReference; lastKnownFileType = wrapper.framework; name = CoreData.framework; path = System/Library/Frameworks/CoreData.framework; sourceTree = SDKROOT; };
		DA05D894156FF5390089B70D /* Foundation.framework */ = {isa = PBXFileReference; lastKnownFileType = wrapper.framework; name = Foundation.framework; path = System/Library/Frameworks/Foundation.framework; sourceTree = SDKROOT; };
		DA05D897156FF5390089B70D /* Admiral-Info.plist */ = {isa = PBXFileReference; lastKnownFileType = text.plist.xml; path = "Admiral-Info.plist"; sourceTree = "<group>"; };
		DA05D899156FF5390089B70D /* en */ = {isa = PBXFileReference; lastKnownFileType = text.plist.strings; name = en; path = en.lproj/InfoPlist.strings; sourceTree = "<group>"; };
		DA05D89B156FF5390089B70D /* main.m */ = {isa = PBXFileReference; lastKnownFileType = sourcecode.c.objc; path = main.m; sourceTree = "<group>"; };
		DA05D89D156FF5390089B70D /* Admiral-Prefix.pch */ = {isa = PBXFileReference; lastKnownFileType = sourcecode.c.h; path = "Admiral-Prefix.pch"; sourceTree = "<group>"; };
		DA05D89F156FF5390089B70D /* en */ = {isa = PBXFileReference; lastKnownFileType = text.rtf; name = en; path = en.lproj/Credits.rtf; sourceTree = "<group>"; };
		DA05D8A1156FF5390089B70D /* ADAppDelegate.h */ = {isa = PBXFileReference; lastKnownFileType = sourcecode.c.h; path = ADAppDelegate.h; sourceTree = "<group>"; };
		DA05D8A2156FF5390089B70D /* ADAppDelegate.m */ = {isa = PBXFileReference; lastKnownFileType = sourcecode.c.objc; path = ADAppDelegate.m; sourceTree = "<group>"; };
		DA05D8A5156FF5390089B70D /* en */ = {isa = PBXFileReference; lastKnownFileType = file.xib; name = en; path = en.lproj/MainMenu.xib; sourceTree = "<group>"; };
		DA05D8AC156FF53C0089B70D /* AdmiralTests.octest */ = {isa = PBXFileReference; explicitFileType = wrapper.cfbundle; includeInIndex = 0; path = AdmiralTests.octest; sourceTree = BUILT_PRODUCTS_DIR; };
		DA05D8AD156FF53C0089B70D /* SenTestingKit.framework */ = {isa = PBXFileReference; lastKnownFileType = wrapper.framework; name = SenTestingKit.framework; path = Library/Frameworks/SenTestingKit.framework; sourceTree = DEVELOPER_DIR; };
		DA05D8B4156FF53C0089B70D /* AdmiralTests-Info.plist */ = {isa = PBXFileReference; lastKnownFileType = text.plist.xml; path = "AdmiralTests-Info.plist"; sourceTree = "<group>"; };
		DA05D8B6156FF53D0089B70D /* en */ = {isa = PBXFileReference; lastKnownFileType = text.plist.strings; name = en; path = en.lproj/InfoPlist.strings; sourceTree = "<group>"; };
		DA05D8B8156FF53D0089B70D /* AdmiralTests.h */ = {isa = PBXFileReference; lastKnownFileType = sourcecode.c.h; path = AdmiralTests.h; sourceTree = "<group>"; };
		DA05D8B9156FF53D0089B70D /* AdmiralTests.m */ = {isa = PBXFileReference; lastKnownFileType = sourcecode.c.objc; path = AdmiralTests.m; sourceTree = "<group>"; };
		DA05D8C31570044B0089B70D /* Carbon.framework */ = {isa = PBXFileReference; lastKnownFileType = wrapper.framework; name = Carbon.framework; path = System/Library/Frameworks/Carbon.framework; sourceTree = SDKROOT; };
/* End PBXFileReference section */

/* Begin PBXFrameworksBuildPhase section */
		DA05D888156FF5380089B70D /* Frameworks */ = {
			isa = PBXFrameworksBuildPhase;
			buildActionMask = 2147483647;
			files = (
				DA05D8C41570044B0089B70D /* Carbon.framework in Frameworks */,
				DA05D890156FF5390089B70D /* Cocoa.framework in Frameworks */,
			);
			runOnlyForDeploymentPostprocessing = 0;
		};
		DA05D8A8156FF53C0089B70D /* Frameworks */ = {
			isa = PBXFrameworksBuildPhase;
			buildActionMask = 2147483647;
			files = (
				DA05D8AE156FF53C0089B70D /* SenTestingKit.framework in Frameworks */,
				DA05D8AF156FF53C0089B70D /* Cocoa.framework in Frameworks */,
			);
			runOnlyForDeploymentPostprocessing = 0;
		};
/* End PBXFrameworksBuildPhase section */

/* Begin PBXGroup section */
		DA05D880156FF5370089B70D = {
			isa = PBXGroup;
			children = (
				DA05D8C31570044B0089B70D /* Carbon.framework */,
				DA05D895156FF5390089B70D /* Admiral */,
				DA05D8B2156FF53C0089B70D /* AdmiralTests */,
				DA05D88E156FF5390089B70D /* Frameworks */,
				DA05D88C156FF5390089B70D /* Products */,
			);
			sourceTree = "<group>";
		};
		DA05D88C156FF5390089B70D /* Products */ = {
			isa = PBXGroup;
			children = (
				DA05D88B156FF5380089B70D /* Admiral.app */,
				DA05D8AC156FF53C0089B70D /* AdmiralTests.octest */,
			);
			name = Products;
			sourceTree = "<group>";
		};
		DA05D88E156FF5390089B70D /* Frameworks */ = {
			isa = PBXGroup;
			children = (
				DA05D88F156FF5390089B70D /* Cocoa.framework */,
				DA05D8AD156FF53C0089B70D /* SenTestingKit.framework */,
				DA05D891156FF5390089B70D /* Other Frameworks */,
			);
			name = Frameworks;
			sourceTree = "<group>";
		};
		DA05D891156FF5390089B70D /* Other Frameworks */ = {
			isa = PBXGroup;
			children = (
				DA05D892156FF5390089B70D /* AppKit.framework */,
				DA05D893156FF5390089B70D /* CoreData.framework */,
				DA05D894156FF5390089B70D /* Foundation.framework */,
			);
			name = "Other Frameworks";
			sourceTree = "<group>";
		};
		DA05D895156FF5390089B70D /* Admiral */ = {
			isa = PBXGroup;
			children = (
				DA05D8A1156FF5390089B70D /* ADAppDelegate.h */,
				DA05D8A2156FF5390089B70D /* ADAppDelegate.m */,
				DA05D8A4156FF5390089B70D /* MainMenu.xib */,
				DA05D896156FF5390089B70D /* Supporting Files */,
			);
			path = Admiral;
			sourceTree = "<group>";
		};
		DA05D896156FF5390089B70D /* Supporting Files */ = {
			isa = PBXGroup;
			children = (
				DA05D897156FF5390089B70D /* Admiral-Info.plist */,
				DA05D898156FF5390089B70D /* InfoPlist.strings */,
				DA05D89B156FF5390089B70D /* main.m */,
				DA05D89D156FF5390089B70D /* Admiral-Prefix.pch */,
				DA05D89E156FF5390089B70D /* Credits.rtf */,
			);
			name = "Supporting Files";
			sourceTree = "<group>";
		};
		DA05D8B2156FF53C0089B70D /* AdmiralTests */ = {
			isa = PBXGroup;
			children = (
				DA05D8B8156FF53D0089B70D /* AdmiralTests.h */,
				DA05D8B9156FF53D0089B70D /* AdmiralTests.m */,
				DA05D8B3156FF53C0089B70D /* Supporting Files */,
			);
			path = AdmiralTests;
			sourceTree = "<group>";
		};
		DA05D8B3156FF53C0089B70D /* Supporting Files */ = {
			isa = PBXGroup;
			children = (
				DA05D8B4156FF53C0089B70D /* AdmiralTests-Info.plist */,
				DA05D8B5156FF53D0089B70D /* InfoPlist.strings */,
			);
			name = "Supporting Files";
			sourceTree = "<group>";
		};
/* End PBXGroup section */

/* Begin PBXNativeTarget section */
		DA05D88A156FF5380089B70D /* Admiral */ = {
			isa = PBXNativeTarget;
			buildConfigurationList = DA05D8BD156FF53D0089B70D /* Build configuration list for PBXNativeTarget "Admiral" */;
			buildPhases = (
				DA05D887156FF5380089B70D /* Sources */,
				DA05D888156FF5380089B70D /* Frameworks */,
				DA05D889156FF5380089B70D /* Resources */,
			);
			buildRules = (
			);
			dependencies = (
			);
			name = Admiral;
			productName = Admiral;
			productReference = DA05D88B156FF5380089B70D /* Admiral.app */;
			productType = "com.apple.product-type.application";
		};
		DA05D8AB156FF53C0089B70D /* AdmiralTests */ = {
			isa = PBXNativeTarget;
			buildConfigurationList = DA05D8C0156FF53D0089B70D /* Build configuration list for PBXNativeTarget "AdmiralTests" */;
			buildPhases = (
				DA05D8A7156FF53C0089B70D /* Sources */,
				DA05D8A8156FF53C0089B70D /* Frameworks */,
				DA05D8A9156FF53C0089B70D /* Resources */,
				DA05D8AA156FF53C0089B70D /* ShellScript */,
			);
			buildRules = (
			);
			dependencies = (
				DA05D8B1156FF53C0089B70D /* PBXTargetDependency */,
			);
			name = AdmiralTests;
			productName = AdmiralTests;
			productReference = DA05D8AC156FF53C0089B70D /* AdmiralTests.octest */;
			productType = "com.apple.product-type.bundle";
		};
/* End PBXNativeTarget section */

/* Begin PBXProject section */
		DA05D882156FF5370089B70D /* Project object */ = {
			isa = PBXProject;
			attributes = {
				CLASSPREFIX = AD;
				LastUpgradeCheck = 0430;
				ORGANIZATIONNAME = CollegeJobConnect;
			};
			buildConfigurationList = DA05D885156FF5370089B70D /* Build configuration list for PBXProject "Admiral" */;
			compatibilityVersion = "Xcode 3.2";
			developmentRegion = English;
			hasScannedForEncodings = 0;
			knownRegions = (
				en,
			);
			mainGroup = DA05D880156FF5370089B70D;
			productRefGroup = DA05D88C156FF5390089B70D /* Products */;
			projectDirPath = "";
			projectRoot = "";
			targets = (
				DA05D88A156FF5380089B70D /* Admiral */,
				DA05D8AB156FF53C0089B70D /* AdmiralTests */,
			);
		};
/* End PBXProject section */

/* Begin PBXResourcesBuildPhase section */
		DA05D889156FF5380089B70D /* Resources */ = {
			isa = PBXResourcesBuildPhase;
			buildActionMask = 2147483647;
			files = (
				DA05D89A156FF5390089B70D /* InfoPlist.strings in Resources */,
				DA05D8A0156FF5390089B70D /* Credits.rtf in Resources */,
				DA05D8A6156FF5390089B70D /* MainMenu.xib in Resources */,
			);
			runOnlyForDeploymentPostprocessing = 0;
		};
		DA05D8A9156FF53C0089B70D /* Resources */ = {
			isa = PBXResourcesBuildPhase;
			buildActionMask = 2147483647;
			files = (
				DA05D8B7156FF53D0089B70D /* InfoPlist.strings in Resources */,
			);
			runOnlyForDeploymentPostprocessing = 0;
		};
/* End PBXResourcesBuildPhase section */

/* Begin PBXShellScriptBuildPhase section */
		DA05D8AA156FF53C0089B70D /* ShellScript */ = {
			isa = PBXShellScriptBuildPhase;
			buildActionMask = 2147483647;
			files = (
			);
			inputPaths = (
			);
			outputPaths = (
			);
			runOnlyForDeploymentPostprocessing = 0;
			shellPath = /bin/sh;
			shellScript = "# Run the unit tests in this test bundle.\n\"${SYSTEM_DEVELOPER_DIR}/Tools/RunUnitTests\"\n";
		};
/* End PBXShellScriptBuildPhase section */

/* Begin PBXSourcesBuildPhase section */
		DA05D887156FF5380089B70D /* Sources */ = {
			isa = PBXSourcesBuildPhase;
			buildActionMask = 2147483647;
			files = (
				DA05D89C156FF5390089B70D /* main.m in Sources */,
				DA05D8A3156FF5390089B70D /* ADAppDelegate.m in Sources */,
			);
			runOnlyForDeploymentPostprocessing = 0;
		};
		DA05D8A7156FF53C0089B70D /* Sources */ = {
			isa = PBXSourcesBuildPhase;
			buildActionMask = 2147483647;
			files = (
				DA05D8BA156FF53D0089B70D /* AdmiralTests.m in Sources */,
			);
			runOnlyForDeploymentPostprocessing = 0;
		};
/* End PBXSourcesBuildPhase section */

/* Begin PBXTargetDependency section */
		DA05D8B1156FF53C0089B70D /* PBXTargetDependency */ = {
			isa = PBXTargetDependency;
			target = DA05D88A156FF5380089B70D /* Admiral */;
			targetProxy = DA05D8B0156FF53C0089B70D /* PBXContainerItemProxy */;
		};
/* End PBXTargetDependency section */

/* Begin PBXVariantGroup section */
		DA05D898156FF5390089B70D /* InfoPlist.strings */ = {
			isa = PBXVariantGroup;
			children = (
				DA05D899156FF5390089B70D /* en */,
			);
			name = InfoPlist.strings;
			sourceTree = "<group>";
		};
		DA05D89E156FF5390089B70D /* Credits.rtf */ = {
			isa = PBXVariantGroup;
			children = (
				DA05D89F156FF5390089B70D /* en */,
			);
			name = Credits.rtf;
			sourceTree = "<group>";
		};
		DA05D8A4156FF5390089B70D /* MainMenu.xib */ = {
			isa = PBXVariantGroup;
			children = (
				DA05D8A5156FF5390089B70D /* en */,
			);
			name = MainMenu.xib;
			sourceTree = "<group>";
		};
		DA05D8B5156FF53D0089B70D /* InfoPlist.strings */ = {
			isa = PBXVariantGroup;
			children = (
				DA05D8B6156FF53D0089B70D /* en */,
			);
			name = InfoPlist.strings;
			sourceTree = "<group>";
		};
/* End PBXVariantGroup section */

/* Begin XCBuildConfiguration section */
		DA05D8BB156FF53D0089B70D /* Debug */ = {
			isa = XCBuildConfiguration;
			buildSettings = {
				ALWAYS_SEARCH_USER_PATHS = NO;
				ARCHS = "$(ARCHS_STANDARD_64_BIT)";
				CLANG_ENABLE_OBJC_ARC = NO;
				COPY_PHASE_STRIP = NO;
				GCC_C_LANGUAGE_STANDARD = gnu99;
				GCC_DYNAMIC_NO_PIC = NO;
				GCC_ENABLE_OBJC_EXCEPTIONS = YES;
				GCC_OPTIMIZATION_LEVEL = 0;
				GCC_PREPROCESSOR_DEFINITIONS = (
					"DEBUG=1",
					"$(inherited)",
				);
				GCC_SYMBOLS_PRIVATE_EXTERN = NO;
				GCC_VERSION = com.apple.compilers.llvm.clang.1_0;
				GCC_WARN_64_TO_32_BIT_CONVERSION = YES;
				GCC_WARN_ABOUT_RETURN_TYPE = YES;
				GCC_WARN_UNINITIALIZED_AUTOS = YES;
				GCC_WARN_UNUSED_VARIABLE = YES;
				MACOSX_DEPLOYMENT_TARGET = 10.7;
				ONLY_ACTIVE_ARCH = YES;
				SDKROOT = macosx;
			};
			name = Debug;
		};
		DA05D8BC156FF53D0089B70D /* Release */ = {
			isa = XCBuildConfiguration;
			buildSettings = {
				ALWAYS_SEARCH_USER_PATHS = NO;
				ARCHS = "$(ARCHS_STANDARD_64_BIT)";
				CLANG_ENABLE_OBJC_ARC = NO;
				COPY_PHASE_STRIP = YES;
				DEBUG_INFORMATION_FORMAT = "dwarf-with-dsym";
				GCC_C_LANGUAGE_STANDARD = gnu99;
				GCC_ENABLE_OBJC_EXCEPTIONS = YES;
				GCC_VERSION = com.apple.compilers.llvm.clang.1_0;
				GCC_WARN_64_TO_32_BIT_CONVERSION = YES;
				GCC_WARN_ABOUT_RETURN_TYPE = YES;
				GCC_WARN_UNINITIALIZED_AUTOS = YES;
				GCC_WARN_UNUSED_VARIABLE = YES;
				MACOSX_DEPLOYMENT_TARGET = 10.7;
				SDKROOT = macosx;
			};
			name = Release;
		};
		DA05D8BE156FF53D0089B70D /* Debug */ = {
			isa = XCBuildConfiguration;
			buildSettings = {
				GCC_PRECOMPILE_PREFIX_HEADER = YES;
				GCC_PREFIX_HEADER = "Admiral/Admiral-Prefix.pch";
				INFOPLIST_FILE = "Admiral/Admiral-Info.plist";
				PRODUCT_NAME = "$(TARGET_NAME)";
				WRAPPER_EXTENSION = app;
			};
			name = Debug;
		};
		DA05D8BF156FF53D0089B70D /* Release */ = {
			isa = XCBuildConfiguration;
			buildSettings = {
				GCC_PRECOMPILE_PREFIX_HEADER = YES;
				GCC_PREFIX_HEADER = "Admiral/Admiral-Prefix.pch";
				INFOPLIST_FILE = "Admiral/Admiral-Info.plist";
				PRODUCT_NAME = "$(TARGET_NAME)";
				WRAPPER_EXTENSION = app;
			};
			name = Release;
		};
		DA05D8C1156FF53D0089B70D /* Debug */ = {
			isa = XCBuildConfiguration;
			buildSettings = {
				BUNDLE_LOADER = "$(BUILT_PRODUCTS_DIR)/Admiral.app/Contents/MacOS/Admiral";
				FRAMEWORK_SEARCH_PATHS = "$(DEVELOPER_LIBRARY_DIR)/Frameworks";
				GCC_PRECOMPILE_PREFIX_HEADER = YES;
				GCC_PREFIX_HEADER = "Admiral/Admiral-Prefix.pch";
				INFOPLIST_FILE = "AdmiralTests/AdmiralTests-Info.plist";
				PRODUCT_NAME = "$(TARGET_NAME)";
				TEST_HOST = "$(BUNDLE_LOADER)";
				WRAPPER_EXTENSION = octest;
			};
			name = Debug;
		};
		DA05D8C2156FF53D0089B70D /* Release */ = {
			isa = XCBuildConfiguration;
			buildSettings = {
				BUNDLE_LOADER = "$(BUILT_PRODUCTS_DIR)/Admiral.app/Contents/MacOS/Admiral";
				FRAMEWORK_SEARCH_PATHS = "$(DEVELOPER_LIBRARY_DIR)/Frameworks";
				GCC_PRECOMPILE_PREFIX_HEADER = YES;
				GCC_PREFIX_HEADER = "Admiral/Admiral-Prefix.pch";
				INFOPLIST_FILE = "AdmiralTests/AdmiralTests-Info.plist";
				PRODUCT_NAME = "$(TARGET_NAME)";
				TEST_HOST = "$(BUNDLE_LOADER)";
				WRAPPER_EXTENSION = octest;
			};
			name = Release;
		};
/* End XCBuildConfiguration section */

/* Begin XCConfigurationList section */
		DA05D885156FF5370089B70D /* Build configuration list for PBXProject "Admiral" */ = {
			isa = XCConfigurationList;
			buildConfigurations = (
				DA05D8BB156FF53D0089B70D /* Debug */,
				DA05D8BC156FF53D0089B70D /* Release */,
			);
			defaultConfigurationIsVisible = 0;
			defaultConfigurationName = Release;
		};
		DA05D8BD156FF53D0089B70D /* Build configuration list for PBXNativeTarget "Admiral" */ = {
			isa = XCConfigurationList;
			buildConfigurations = (
				DA05D8BE156FF53D0089B70D /* Debug */,
				DA05D8BF156FF53D0089B70D /* Release */,
			);
			defaultConfigurationIsVisible = 0;
		};
		DA05D8C0156FF53D0089B70D /* Build configuration list for PBXNativeTarget "AdmiralTests" */ = {
			isa = XCConfigurationList;
			buildConfigurations = (
				DA05D8C1156FF53D0089B70D /* Debug */,
				DA05D8C2156FF53D0089B70D /* Release */,
			);
			defaultConfigurationIsVisible = 0;
		};
/* End XCConfigurationList section */
	};
	rootObject = DA05D882156FF5370089B70D /* Project object */;
}
